{
    "_readme": [
        "This file locks the dependencies of your project to a known state",
        "Read more about it at https://getcomposer.org/doc/01-basic-usage.md#composer-lock-the-lock-file",
        "This file is @generated automatically"
    ],
    "content-hash": "b20e18ec66de4f72516aaa1108e91c38",
    "packages": [
        {
            "name": "kaltura/api-client-library",
            "version": "v16.14.0",
            "source": {
                "type": "git",
                "url": "https://github.com/kaltura/KalturaGeneratedAPIClientsPHP53.git",
                "reference": "29c1a1219c9dde7989629a17a360218295ca82e7"
            },
            "dist": {
                "type": "zip",
                "url": "https://api.github.com/repos/kaltura/KalturaGeneratedAPIClientsPHP53/zipball/29c1a1219c9dde7989629a17a360218295ca82e7",
                "reference": "29c1a1219c9dde7989629a17a360218295ca82e7",
                "shasum": ""
            },
            "require": {
                "php": ">=5.3.3"
            },
            "type": "library",
            "autoload": {
                "psr-0": {
                    "Kaltura": "library"
                }
            },
            "notification-url": "https://packagist.org/downloads/",
            "license": [
                "AGPL-3.0-or-later"
            ],
            "authors": [
                {
                    "name": "Kaltura",
                    "homepage": "http://www.kaltura.org/"
                }
            ],
            "description": "An auto generated Composer package for the Kaltura API client library",
            "keywords": [
                "api",
                "client library",
                "kaltura",
                "open source video",
                "video",
                "video platform"
            ],
            "time": "2021-01-07T05:17:10+00:00"
        }
    ],
    "packages-dev": [],
    "aliases": [],
    "minimum-stability": "stable",
    "stability-flags": [],
    "prefer-stable": false,
    "prefer-lowest": false,
    "platform": [],
    "platform-dev": []
}
