{
    "_readme": [
        "This file locks the dependencies of your project to a known state",
        "Read more about it at https://getcomposer.org/doc/01-basic-usage.md#installing-dependencies",
        "This file is @generated automatically"
    ],
    "content-hash": "3eea97a9c7ba7ebc76162f6f719553a1",
    "packages": [
        {
            "name": "kaltura/api-client-library",
            "version": "v16.14.0",
            "source": {
                "type": "git",
                "url": "https://github.com/kaltura/KalturaGeneratedAPIClientsPHP53.git",
                "reference": "29c1a1219c9dde7989629a17a360218295ca82e7"
            },
            "dist": {
                "type": "zip",
                "url": "https://api.github.com/repos/kaltura/KalturaGeneratedAPIClientsPHP53/zipball/29c1a1219c9dde7989629a17a360218295ca82e7",
                "reference": "29c1a1219c9dde7989629a17a360218295ca82e7",
                "shasum": ""
            },
            "require": {
                "php": ">=5.3.3"
            },
            "type": "library",
            "autoload": {
                "psr-0": {
                    "Kaltura": "library"
                }
            },
            "notification-url": "https://packagist.org/downloads/",
            "license": [
                "AGPL-3.0-or-later"
            ],
            "authors": [
                {
                    "name": "Kaltura",
                    "homepage": "http://www.kaltura.org/"
                }
            ],
            "description": "An auto generated Composer package for the Kaltura API client library",
            "keywords": [
                "api",
                "client library",
                "kaltura",
                "open source video",
                "video",
                "video platform"
            ],
            "support": {
                "issues": "https://github.com/kaltura/KalturaGeneratedAPIClientsPHP53/issues",
                "source": "https://github.com/kaltura/KalturaGeneratedAPIClientsPHP53/tree/v16.14.0"
            },
            "time": "2021-01-07T05:17:10+00:00"
        },
        {
            "name": "opis/closure",
            "version": "3.6.2",
            "source": {
                "type": "git",
                "url": "https://github.com/opis/closure.git",
                "reference": "06e2ebd25f2869e54a306dda991f7db58066f7f6"
            },
            "dist": {
                "type": "zip",
                "url": "https://api.github.com/repos/opis/closure/zipball/06e2ebd25f2869e54a306dda991f7db58066f7f6",
                "reference": "06e2ebd25f2869e54a306dda991f7db58066f7f6",
                "shasum": ""
            },
            "require": {
                "php": "^5.4 || ^7.0 || ^8.0"
            },
            "require-dev": {
                "jeremeamia/superclosure": "^2.0",
                "phpunit/phpunit": "^4.0 || ^5.0 || ^6.0 || ^7.0 || ^8.0 || ^9.0"
            },
            "type": "library",
            "extra": {
                "branch-alias": {
                    "dev-master": "3.6.x-dev"
                }
            },
            "autoload": {
                "psr-4": {
                    "Opis\\Closure\\": "src/"
                },
                "files": [
                    "functions.php"
                ]
            },
            "notification-url": "https://packagist.org/downloads/",
            "license": [
                "MIT"
            ],
            "authors": [
                {
                    "name": "Marius Sarca",
                    "email": "marius.sarca@gmail.com"
                },
                {
                    "name": "Sorin Sarca",
                    "email": "sarca_sorin@hotmail.com"
                }
            ],
            "description": "A library that can be used to serialize closures (anonymous functions) and arbitrary objects.",
            "homepage": "https://opis.io/closure",
            "keywords": [
                "anonymous functions",
                "closure",
                "function",
                "serializable",
                "serialization",
                "serialize"
            ],
            "support": {
                "issues": "https://github.com/opis/closure/issues",
                "source": "https://github.com/opis/closure/tree/3.6.2"
            },
            "time": "2021-04-09T13:42:10+00:00"
        },
        {
            "name": "spatie/async",
            "version": "1.5.3",
            "source": {
                "type": "git",
                "url": "https://github.com/spatie/async.git",
                "reference": "d371b76ff876530c4906596490fd977720477e48"
            },
            "dist": {
                "type": "zip",
                "url": "https://api.github.com/repos/spatie/async/zipball/d371b76ff876530c4906596490fd977720477e48",
                "reference": "d371b76ff876530c4906596490fd977720477e48",
                "shasum": ""
            },
            "require": {
                "opis/closure": "^3.4.2",
                "php": "^7.1 || ^8.0",
                "symfony/process": "^3.3 || ^4.0 || ^5.0"
            },
            "require-dev": {
                "larapack/dd": "^1.1",
                "phpunit/phpunit": "^7.5 || ^8.0 || ^9.0",
                "symfony/stopwatch": "^4.0 || ^5.0"
            },
            "suggest": {
                "ext-pcntl": "Required to use async processes",
                "ext-posix": "Required to use async processes"
            },
            "type": "library",
            "autoload": {
                "files": [
                    "src/helpers.php"
                ],
                "psr-4": {
                    "Spatie\\Async\\": "src"
                }
            },
            "notification-url": "https://packagist.org/downloads/",
            "license": [
                "MIT"
            ],
            "authors": [
                {
                    "name": "Brent Roose",
                    "email": "brent@spatie.be",
                    "homepage": "https://spatie.be",
                    "role": "Developer"
                }
            ],
            "description": "Asynchronous and parallel PHP with the PCNTL extension",
            "homepage": "https://github.com/spatie/async",
            "keywords": [
                "async",
                "spatie"
            ],
            "support": {
                "issues": "https://github.com/spatie/async/issues",
                "source": "https://github.com/spatie/async/tree/1.5.3"
            },
            "funding": [
                {
                    "url": "https://github.com/spatie",
                    "type": "github"
                }
            ],
            "time": "2020-12-29T22:19:12+00:00"
        },
        {
            "name": "symfony/polyfill-php80",
            "version": "v1.23.1",
            "source": {
                "type": "git",
                "url": "https://github.com/symfony/polyfill-php80.git",
                "reference": "1100343ed1a92e3a38f9ae122fc0eb21602547be"
            },
            "dist": {
                "type": "zip",
                "url": "https://api.github.com/repos/symfony/polyfill-php80/zipball/1100343ed1a92e3a38f9ae122fc0eb21602547be",
                "reference": "1100343ed1a92e3a38f9ae122fc0eb21602547be",
                "shasum": ""
            },
            "require": {
                "php": ">=7.1"
            },
            "type": "library",
            "extra": {
                "branch-alias": {
                    "dev-main": "1.23-dev"
                },
                "thanks": {
                    "name": "symfony/polyfill",
                    "url": "https://github.com/symfony/polyfill"
                }
            },
            "autoload": {
                "psr-4": {
                    "Symfony\\Polyfill\\Php80\\": ""
                },
                "files": [
                    "bootstrap.php"
                ],
                "classmap": [
                    "Resources/stubs"
                ]
            },
            "notification-url": "https://packagist.org/downloads/",
            "license": [
                "MIT"
            ],
            "authors": [
                {
                    "name": "Ion Bazan",
                    "email": "ion.bazan@gmail.com"
                },
                {
                    "name": "Nicolas Grekas",
                    "email": "p@tchwork.com"
                },
                {
                    "name": "Symfony Community",
                    "homepage": "https://symfony.com/contributors"
                }
            ],
            "description": "Symfony polyfill backporting some PHP 8.0+ features to lower PHP versions",
            "homepage": "https://symfony.com",
            "keywords": [
                "compatibility",
                "polyfill",
                "portable",
                "shim"
            ],
            "support": {
                "source": "https://github.com/symfony/polyfill-php80/tree/v1.23.1"
            },
            "funding": [
                {
                    "url": "https://symfony.com/sponsor",
                    "type": "custom"
                },
                {
                    "url": "https://github.com/fabpot",
                    "type": "github"
                },
                {
                    "url": "https://tidelift.com/funding/github/packagist/symfony/symfony",
                    "type": "tidelift"
                }
            ],
            "time": "2021-07-28T13:41:28+00:00"
        },
        {
            "name": "symfony/process",
            "version": "v5.3.4",
            "source": {
                "type": "git",
                "url": "https://github.com/symfony/process.git",
                "reference": "d16634ee55b895bd85ec714dadc58e4428ecf030"
            },
            "dist": {
                "type": "zip",
                "url": "https://api.github.com/repos/symfony/process/zipball/d16634ee55b895bd85ec714dadc58e4428ecf030",
                "reference": "d16634ee55b895bd85ec714dadc58e4428ecf030",
                "shasum": ""
            },
            "require": {
                "php": ">=7.2.5",
                "symfony/polyfill-php80": "^1.16"
            },
            "type": "library",
            "autoload": {
                "psr-4": {
                    "Symfony\\Component\\Process\\": ""
                },
                "exclude-from-classmap": [
                    "/Tests/"
                ]
            },
            "notification-url": "https://packagist.org/downloads/",
            "license": [
                "MIT"
            ],
            "authors": [
                {
                    "name": "Fabien Potencier",
                    "email": "fabien@symfony.com"
                },
                {
                    "name": "Symfony Community",
                    "homepage": "https://symfony.com/contributors"
                }
            ],
            "description": "Executes commands in sub-processes",
            "homepage": "https://symfony.com",
            "support": {
                "source": "https://github.com/symfony/process/tree/v5.3.4"
            },
            "funding": [
                {
                    "url": "https://symfony.com/sponsor",
                    "type": "custom"
                },
                {
                    "url": "https://github.com/fabpot",
                    "type": "github"
                },
                {
                    "url": "https://tidelift.com/funding/github/packagist/symfony/symfony",
                    "type": "tidelift"
                }
            ],
            "time": "2021-07-23T15:54:19+00:00"
        }
    ],
    "packages-dev": [],
    "aliases": [],
    "minimum-stability": "stable",
    "stability-flags": [],
    "prefer-stable": false,
    "prefer-lowest": false,
    "platform": [],
    "platform-dev": [],
    "plugin-api-version": "2.0.0"
}
